
Microsoft Visual Studio Solution File, Format Version 12.00
# Visual Studio 15
VisualStudioVersion = 15.0.27130.2020
MinimumVisualStudioVersion = 10.0.40219.1
Project("{FAE04EC0-301F-11D3-BF4B-00C04F79EFBC}") = "QMyFirstOutlookAddIn", "QMyFirstOutlookAddIn\QMyFirstOutlookAddIn.csproj", "{F28B1EE9-7758-4885-97B2-74FBE7C95D3D}"
EndProject
Global
	GlobalSection(SolutionConfigurationPlatforms) = preSolution
		Debug|Any CPU = Debug|Any CPU
		Release|Any CPU = Release|Any CPU
	EndGlobalSection
	GlobalSection(ProjectConfigurationPlatforms) = postSolution
		{F28B1EE9-7758-4885-97B2-74FBE7C95D3D}.Debug|Any CPU.ActiveCfg = Debug|Any CPU
		{F28B1EE9-7758-4885-97B2-74FBE7C95D3D}.Debug|Any CPU.Build.0 = Debug|Any CPU
		{F28B1EE9-7758-4885-97B2-74FBE7C95D3D}.Release|Any CPU.ActiveCfg = Release|Any CPU
		{F28B1EE9-7758-4885-97B2-74FBE7C95D3D}.Release|Any CPU.Build.0 = Release|Any CPU
	EndGlobalSection
	GlobalSection(SolutionProperties) = preSolution
		HideSolutionNode = FALSE
	EndGlobalSection
	GlobalSection(ExtensibilityGlobals) = postSolution
		SolutionGuid = {DE56384F-87B5-4362-A727-75AA55FCD1A5}
	EndGlobalSection
EndGlobal
